{
  "requires": true,
  "lockfileVersion": 1,
  "dependencies": {
    "@tarekraafat/autocomplete.js": {
      "version": "9.1.1",
      "resolved": "https://registry.npmjs.org/@tarekraafat/autocomplete.js/-/autocomplete.js-9.1.1.tgz",
      "integrity": "sha512-o97RdWKanAxjG88OFr+9q2CEJcpiRccJKYeb4j66WiifIO9Z/2nNncbxcAVEpkAPw9FzX8bXyHc33L8qcFCwuQ=="
    }
  }
}
